{
  "nodes": {
    "nixpkgs": {
      "locked": {
        "lastModified": 1723890031,
        "narHash": "sha256-LT4K/wWiO3cG5NxvEDFxFJLgbBQ1Ps98Sulh+LkcCFo=",
        "owner": "NixOS",
        "repo": "nixpkgs",
        "rev": "0f11a0a752b6d84a2bd466e6fb800ec756696425",
        "type": "github"
      },
      "original": {
        "owner": "NixOS",
        "repo": "nixpkgs",
        "type": "github"
      }
    },
    "root": {
      "inputs": {
        "nixpkgs": "nixpkgs"
      }
    }
  },
  "root": "root",
  "version": 7
}
