{
  "nodes": {
    "nixpkgs": {
      "locked": {
        "lastModified": 1744523199,
        "narHash": "sha256-qf3bBHZWOsVMk8EWwEdt4cpEvcZs4tf6sHjX/+T0+ic=",
        "owner": "NixOS",
        "repo": "nixpkgs",
        "rev": "10189aca67b6595de22c3b48f4fba3517694a353",
        "type": "github"
      },
      "original": {
        "owner": "NixOS",
        "repo": "nixpkgs",
        "type": "github"
      }
    },
    "root": {
      "inputs": {
        "nixpkgs": "nixpkgs"
      }
    }
  },
  "root": "root",
  "version": 7
}
