{
  "nodes": {
    "nixpkgs": {
      "locked": {
        "lastModified": 1648434160,
        "narHash": "sha256-laeBDe/ZqyMRKRB1YYKchCVq571JD51BqfId7IMjcTs=",
        "owner": "NixOS",
        "repo": "nixpkgs",
        "rev": "609816b0cec57b379c4e72abe0869511cf4fd582",
        "type": "github"
      },
      "original": {
        "owner": "NixOS",
        "repo": "nixpkgs",
        "type": "github"
      }
    },
    "root": {
      "inputs": {
        "nixpkgs": "nixpkgs"
      }
    }
  },
  "root": "root",
  "version": 7
}
